
Microsoft Visual Studio Solution File, Format Version 12.00
# Visual Studio Version 17
VisualStudioVersion = 17.10.35122.118
MinimumVisualStudioVersion = 10.0.40219.1
Project("{FAE04EC0-301F-11D3-BF4B-00C04F79EFBC}") = "DARI_API", "DARI_API\DARI_API.csproj", "{B1F04756-97F7-4FFD-A252-7186678FC82F}"
EndProject
Global
	GlobalSection(SolutionConfigurationPlatforms) = preSolution
		Debug|Any CPU = Debug|Any CPU
		Release|Any CPU = Release|Any CPU
	EndGlobalSection
	GlobalSection(ProjectConfigurationPlatforms) = postSolution
		{B1F04756-97F7-4FFD-A252-7186678FC82F}.Debug|Any CPU.ActiveCfg = Debug|Any CPU
		{B1F04756-97F7-4FFD-A252-7186678FC82F}.Debug|Any CPU.Build.0 = Debug|Any CPU
		{B1F04756-97F7-4FFD-A252-7186678FC82F}.Release|Any CPU.ActiveCfg = Release|Any CPU
		{B1F04756-97F7-4FFD-A252-7186678FC82F}.Release|Any CPU.Build.0 = Release|Any CPU
	EndGlobalSection
	GlobalSection(SolutionProperties) = preSolution
		HideSolutionNode = FALSE
	EndGlobalSection
	GlobalSection(ExtensibilityGlobals) = postSolution
		SolutionGuid = {8947D0F2-8198-41A3-9D3B-D552AD6FDA19}
	EndGlobalSection
EndGlobal
